// !$*UTF8*$!
{
	archiveVersion = 1;
	classes = {
	};
	objectVersion = 56;
	objects = {

/* Begin PBXBuildFile section */
		6E4876612ACB494E001D5E2C /* Keys.plist in Resources */ = {isa = PBXBuildFile; fileRef = 6E4876602ACB494E001D5E2C /* Keys.plist */; };
		6E4876632ACC492A001D5E2C /* CurrentForecast.swift in Sources */ = {isa = PBXBuildFile; fileRef = 6E4876622ACC492A001D5E2C /* CurrentForecast.swift */; };
		6E4876652ACC493B001D5E2C /* Condition.swift in Sources */ = {isa = PBXBuildFile; fileRef = 6E4876642ACC493B001D5E2C /* Condition.swift */; };
		6E4876672ACC4952001D5E2C /* ForecastDay.swift in Sources */ = {isa = PBXBuildFile; fileRef = 6E4876662ACC4952001D5E2C /* ForecastDay.swift */; };
		6E4876692ACC4966001D5E2C /* Day.swift in Sources */ = {isa = PBXBuildFile; fileRef = 6E4876682ACC4966001D5E2C /* Day.swift */; };
		6E48766B2ACC4976001D5E2C /* Astro.swift in Sources */ = {isa = PBXBuildFile; fileRef = 6E48766A2ACC4976001D5E2C /* Astro.swift */; };
		6E48766D2ACC4989001D5E2C /* Hour.swift in Sources */ = {isa = PBXBuildFile; fileRef = 6E48766C2ACC4989001D5E2C /* Hour.swift */; };
		6E48766F2ACC4999001D5E2C /* Forecast.swift in Sources */ = {isa = PBXBuildFile; fileRef = 6E48766E2ACC4999001D5E2C /* Forecast.swift */; };
		6E4876712ACC49C6001D5E2C /* ForecastObject.swift in Sources */ = {isa = PBXBuildFile; fileRef = 6E4876702ACC49C6001D5E2C /* ForecastObject.swift */; };
		6E4876732ACC88CD001D5E2C /* ViewModel.swift in Sources */ = {isa = PBXBuildFile; fileRef = 6E4876722ACC88CD001D5E2C /* ViewModel.swift */; };
		6EBCB6C52ABB30F700C72BB5 /* SwiftUI_WeatherApp.swift in Sources */ = {isa = PBXBuildFile; fileRef = 6EBCB6C42ABB30F700C72BB5 /* SwiftUI_WeatherApp.swift */; };
		6EBCB6C72ABB30F700C72BB5 /* ContentView.swift in Sources */ = {isa = PBXBuildFile; fileRef = 6EBCB6C62ABB30F700C72BB5 /* ContentView.swift */; };
		6EBCB6C92ABB30F700C72BB5 /* Assets.xcassets in Resources */ = {isa = PBXBuildFile; fileRef = 6EBCB6C82ABB30F700C72BB5 /* Assets.xcassets */; };
		6EBCB6CC2ABB30F700C72BB5 /* Preview Assets.xcassets in Resources */ = {isa = PBXBuildFile; fileRef = 6EBCB6CB2ABB30F700C72BB5 /* Preview Assets.xcassets */; };
		6EBCB6D32ABB44B300C72BB5 /* MainButton.swift in Sources */ = {isa = PBXBuildFile; fileRef = 6EBCB6D22ABB44B300C72BB5 /* MainButton.swift */; };
		6EBCB6D52ABB44EF00C72BB5 /* MainWeatherStatusView.swift in Sources */ = {isa = PBXBuildFile; fileRef = 6EBCB6D42ABB44EF00C72BB5 /* MainWeatherStatusView.swift */; };
		6EBCB6D72ABB456900C72BB5 /* CityView.swift in Sources */ = {isa = PBXBuildFile; fileRef = 6EBCB6D62ABB456900C72BB5 /* CityView.swift */; };
		6EBCB6D92ABB459C00C72BB5 /* BackgroundView.swift in Sources */ = {isa = PBXBuildFile; fileRef = 6EBCB6D82ABB459C00C72BB5 /* BackgroundView.swift */; };
		6EBCB6DB2ABB45C900C72BB5 /* WeatherDayView.swift in Sources */ = {isa = PBXBuildFile; fileRef = 6EBCB6DA2ABB45C900C72BB5 /* WeatherDayView.swift */; };
		6EBCB6E02ABDDDDC00C72BB5 /* Location.swift in Sources */ = {isa = PBXBuildFile; fileRef = 6EBCB6DF2ABDDDDC00C72BB5 /* Location.swift */; };
/* End PBXBuildFile section */

/* Begin PBXFileReference section */
		6E4876602ACB494E001D5E2C /* Keys.plist */ = {isa = PBXFileReference; lastKnownFileType = text.plist.xml; path = Keys.plist; sourceTree = "<group>"; };
		6E4876622ACC492A001D5E2C /* CurrentForecast.swift */ = {isa = PBXFileReference; lastKnownFileType = sourcecode.swift; path = CurrentForecast.swift; sourceTree = "<group>"; };
		6E4876642ACC493B001D5E2C /* Condition.swift */ = {isa = PBXFileReference; lastKnownFileType = sourcecode.swift; path = Condition.swift; sourceTree = "<group>"; };
		6E4876662ACC4952001D5E2C /* ForecastDay.swift */ = {isa = PBXFileReference; lastKnownFileType = sourcecode.swift; path = ForecastDay.swift; sourceTree = "<group>"; };
		6E4876682ACC4966001D5E2C /* Day.swift */ = {isa = PBXFileReference; lastKnownFileType = sourcecode.swift; path = Day.swift; sourceTree = "<group>"; };
		6E48766A2ACC4976001D5E2C /* Astro.swift */ = {isa = PBXFileReference; lastKnownFileType = sourcecode.swift; path = Astro.swift; sourceTree = "<group>"; };
		6E48766C2ACC4989001D5E2C /* Hour.swift */ = {isa = PBXFileReference; lastKnownFileType = sourcecode.swift; path = Hour.swift; sourceTree = "<group>"; };
		6E48766E2ACC4999001D5E2C /* Forecast.swift */ = {isa = PBXFileReference; lastKnownFileType = sourcecode.swift; path = Forecast.swift; sourceTree = "<group>"; };
		6E4876702ACC49C6001D5E2C /* ForecastObject.swift */ = {isa = PBXFileReference; lastKnownFileType = sourcecode.swift; path = ForecastObject.swift; sourceTree = "<group>"; };
		6E4876722ACC88CD001D5E2C /* ViewModel.swift */ = {isa = PBXFileReference; lastKnownFileType = sourcecode.swift; path = ViewModel.swift; sourceTree = "<group>"; };
		6EBCB6C12ABB30F700C72BB5 /* SwiftUI-Weather.app */ = {isa = PBXFileReference; explicitFileType = wrapper.application; includeInIndex = 0; path = "SwiftUI-Weather.app"; sourceTree = BUILT_PRODUCTS_DIR; };
		6EBCB6C42ABB30F700C72BB5 /* SwiftUI_WeatherApp.swift */ = {isa = PBXFileReference; lastKnownFileType = sourcecode.swift; path = SwiftUI_WeatherApp.swift; sourceTree = "<group>"; };
		6EBCB6C62ABB30F700C72BB5 /* ContentView.swift */ = {isa = PBXFileReference; lastKnownFileType = sourcecode.swift; path = ContentView.swift; sourceTree = "<group>"; };
		6EBCB6C82ABB30F700C72BB5 /* Assets.xcassets */ = {isa = PBXFileReference; lastKnownFileType = folder.assetcatalog; path = Assets.xcassets; sourceTree = "<group>"; };
		6EBCB6CB2ABB30F700C72BB5 /* Preview Assets.xcassets */ = {isa = PBXFileReference; lastKnownFileType = folder.assetcatalog; path = "Preview Assets.xcassets"; sourceTree = "<group>"; };
		6EBCB6D22ABB44B300C72BB5 /* MainButton.swift */ = {isa = PBXFileReference; lastKnownFileType = sourcecode.swift; path = MainButton.swift; sourceTree = "<group>"; };
		6EBCB6D42ABB44EF00C72BB5 /* MainWeatherStatusView.swift */ = {isa = PBXFileReference; lastKnownFileType = sourcecode.swift; path = MainWeatherStatusView.swift; sourceTree = "<group>"; };
		6EBCB6D62ABB456900C72BB5 /* CityView.swift */ = {isa = PBXFileReference; lastKnownFileType = sourcecode.swift; path = CityView.swift; sourceTree = "<group>"; };
		6EBCB6D82ABB459C00C72BB5 /* BackgroundView.swift */ = {isa = PBXFileReference; lastKnownFileType = sourcecode.swift; path = BackgroundView.swift; sourceTree = "<group>"; };
		6EBCB6DA2ABB45C900C72BB5 /* WeatherDayView.swift */ = {isa = PBXFileReference; lastKnownFileType = sourcecode.swift; path = WeatherDayView.swift; sourceTree = "<group>"; };
		6EBCB6DF2ABDDDDC00C72BB5 /* Location.swift */ = {isa = PBXFileReference; lastKnownFileType = sourcecode.swift; path = Location.swift; sourceTree = "<group>"; };
/* End PBXFileReference section */

/* Begin PBXFrameworksBuildPhase section */
		6EBCB6BE2ABB30F700C72BB5 /* Frameworks */ = {
			isa = PBXFrameworksBuildPhase;
			buildActionMask = 2147483647;
			files = (
			);
			runOnlyForDeploymentPostprocessing = 0;
		};
/* End PBXFrameworksBuildPhase section */

/* Begin PBXGroup section */
		6EBCB6B82ABB30F700C72BB5 = {
			isa = PBXGroup;
			children = (
				6E4876602ACB494E001D5E2C /* Keys.plist */,
				6EBCB6C32ABB30F700C72BB5 /* SwiftUI-Weather */,
				6EBCB6C22ABB30F700C72BB5 /* Products */,
			);
			sourceTree = "<group>";
		};
		6EBCB6C22ABB30F700C72BB5 /* Products */ = {
			isa = PBXGroup;
			children = (
				6EBCB6C12ABB30F700C72BB5 /* SwiftUI-Weather.app */,
			);
			name = Products;
			sourceTree = "<group>";
		};
		6EBCB6C32ABB30F700C72BB5 /* SwiftUI-Weather */ = {
			isa = PBXGroup;
			children = (
				6EBCB6DE2ABDDDC900C72BB5 /* Models */,
				6EBCB6DD2ABB466900C72BB5 /* CommonViews */,
				6EBCB6DC2ABB465000C72BB5 /* WeatherViews */,
				6EBCB6C42ABB30F700C72BB5 /* SwiftUI_WeatherApp.swift */,
				6EBCB6C62ABB30F700C72BB5 /* ContentView.swift */,
				6EBCB6C82ABB30F700C72BB5 /* Assets.xcassets */,
				6EBCB6CA2ABB30F700C72BB5 /* Preview Content */,
				6E4876722ACC88CD001D5E2C /* ViewModel.swift */,
			);
			path = "SwiftUI-Weather";
			sourceTree = "<group>";
		};
		6EBCB6CA2ABB30F700C72BB5 /* Preview Content */ = {
			isa = PBXGroup;
			children = (
				6EBCB6CB2ABB30F700C72BB5 /* Preview Assets.xcassets */,
			);
			path = "Preview Content";
			sourceTree = "<group>";
		};
		6EBCB6DC2ABB465000C72BB5 /* WeatherViews */ = {
			isa = PBXGroup;
			children = (
				6EBCB6D42ABB44EF00C72BB5 /* MainWeatherStatusView.swift */,
				6EBCB6D62ABB456900C72BB5 /* CityView.swift */,
				6EBCB6DA2ABB45C900C72BB5 /* WeatherDayView.swift */,
			);
			path = WeatherViews;
			sourceTree = "<group>";
		};
		6EBCB6DD2ABB466900C72BB5 /* CommonViews */ = {
			isa = PBXGroup;
			children = (
				6EBCB6D22ABB44B300C72BB5 /* MainButton.swift */,
				6EBCB6D82ABB459C00C72BB5 /* BackgroundView.swift */,
			);
			path = CommonViews;
			sourceTree = "<group>";
		};
		6EBCB6DE2ABDDDC900C72BB5 /* Models */ = {
			isa = PBXGroup;
			children = (
				6EBCB6DF2ABDDDDC00C72BB5 /* Location.swift */,
				6E4876622ACC492A001D5E2C /* CurrentForecast.swift */,
				6E4876642ACC493B001D5E2C /* Condition.swift */,
				6E4876662ACC4952001D5E2C /* ForecastDay.swift */,
				6E4876682ACC4966001D5E2C /* Day.swift */,
				6E48766A2ACC4976001D5E2C /* Astro.swift */,
				6E48766C2ACC4989001D5E2C /* Hour.swift */,
				6E48766E2ACC4999001D5E2C /* Forecast.swift */,
				6E4876702ACC49C6001D5E2C /* ForecastObject.swift */,
			);
			path = Models;
			sourceTree = "<group>";
		};
/* End PBXGroup section */

/* Begin PBXNativeTarget section */
		6EBCB6C02ABB30F700C72BB5 /* SwiftUI-Weather */ = {
			isa = PBXNativeTarget;
			buildConfigurationList = 6EBCB6CF2ABB30F700C72BB5 /* Build configuration list for PBXNativeTarget "SwiftUI-Weather" */;
			buildPhases = (
				6EBCB6BD2ABB30F700C72BB5 /* Sources */,
				6EBCB6BE2ABB30F700C72BB5 /* Frameworks */,
				6EBCB6BF2ABB30F700C72BB5 /* Resources */,
			);
			buildRules = (
			);
			dependencies = (
			);
			name = "SwiftUI-Weather";
			productName = "SwiftUI-Weather";
			productReference = 6EBCB6C12ABB30F700C72BB5 /* SwiftUI-Weather.app */;
			productType = "com.apple.product-type.application";
		};
/* End PBXNativeTarget section */

/* Begin PBXProject section */
		6EBCB6B92ABB30F700C72BB5 /* Project object */ = {
			isa = PBXProject;
			attributes = {
				BuildIndependentTargetsInParallel = 1;
				LastSwiftUpdateCheck = 1500;
				LastUpgradeCheck = 1500;
				TargetAttributes = {
					6EBCB6C02ABB30F700C72BB5 = {
						CreatedOnToolsVersion = 15.0;
					};
				};
			};
			buildConfigurationList = 6EBCB6BC2ABB30F700C72BB5 /* Build configuration list for PBXProject "SwiftUI-Weather" */;
			compatibilityVersion = "Xcode 14.0";
			developmentRegion = en;
			hasScannedForEncodings = 0;
			knownRegions = (
				en,
				Base,
			);
			mainGroup = 6EBCB6B82ABB30F700C72BB5;
			productRefGroup = 6EBCB6C22ABB30F700C72BB5 /* Products */;
			projectDirPath = "";
			projectRoot = "";
			targets = (
				6EBCB6C02ABB30F700C72BB5 /* SwiftUI-Weather */,
			);
		};
/* End PBXProject section */

/* Begin PBXResourcesBuildPhase section */
		6EBCB6BF2ABB30F700C72BB5 /* Resources */ = {
			isa = PBXResourcesBuildPhase;
			buildActionMask = 2147483647;
			files = (
				6E4876612ACB494E001D5E2C /* Keys.plist in Resources */,
				6EBCB6CC2ABB30F700C72BB5 /* Preview Assets.xcassets in Resources */,
				6EBCB6C92ABB30F700C72BB5 /* Assets.xcassets in Resources */,
			);
			runOnlyForDeploymentPostprocessing = 0;
		};
/* End PBXResourcesBuildPhase section */

/* Begin PBXSourcesBuildPhase section */
		6EBCB6BD2ABB30F700C72BB5 /* Sources */ = {
			isa = PBXSourcesBuildPhase;
			buildActionMask = 2147483647;
			files = (
				6EBCB6DB2ABB45C900C72BB5 /* WeatherDayView.swift in Sources */,
				6E48766B2ACC4976001D5E2C /* Astro.swift in Sources */,
				6EBCB6D92ABB459C00C72BB5 /* BackgroundView.swift in Sources */,
				6E4876692ACC4966001D5E2C /* Day.swift in Sources */,
				6E48766F2ACC4999001D5E2C /* Forecast.swift in Sources */,
				6EBCB6E02ABDDDDC00C72BB5 /* Location.swift in Sources */,
				6E4876732ACC88CD001D5E2C /* ViewModel.swift in Sources */,
				6EBCB6C72ABB30F700C72BB5 /* ContentView.swift in Sources */,
				6E4876632ACC492A001D5E2C /* CurrentForecast.swift in Sources */,
				6EBCB6D72ABB456900C72BB5 /* CityView.swift in Sources */,
				6EBCB6C52ABB30F700C72BB5 /* SwiftUI_WeatherApp.swift in Sources */,
				6E4876672ACC4952001D5E2C /* ForecastDay.swift in Sources */,
				6EBCB6D52ABB44EF00C72BB5 /* MainWeatherStatusView.swift in Sources */,
				6EBCB6D32ABB44B300C72BB5 /* MainButton.swift in Sources */,
				6E4876712ACC49C6001D5E2C /* ForecastObject.swift in Sources */,
				6E4876652ACC493B001D5E2C /* Condition.swift in Sources */,
				6E48766D2ACC4989001D5E2C /* Hour.swift in Sources */,
			);
			runOnlyForDeploymentPostprocessing = 0;
		};
/* End PBXSourcesBuildPhase section */

/* Begin XCBuildConfiguration section */
		6EBCB6CD2ABB30F700C72BB5 /* Debug */ = {
			isa = XCBuildConfiguration;
			buildSettings = {
				ALWAYS_SEARCH_USER_PATHS = NO;
				ASSETCATALOG_COMPILER_GENERATE_SWIFT_ASSET_SYMBOL_EXTENSIONS = YES;
				CLANG_ANALYZER_NONNULL = YES;
				CLANG_ANALYZER_NUMBER_OBJECT_CONVERSION = YES_AGGRESSIVE;
				CLANG_CXX_LANGUAGE_STANDARD = "gnu++20";
				CLANG_ENABLE_MODULES = YES;
				CLANG_ENABLE_OBJC_ARC = YES;
				CLANG_ENABLE_OBJC_WEAK = YES;
				CLANG_WARN_BLOCK_CAPTURE_AUTORELEASING = YES;
				CLANG_WARN_BOOL_CONVERSION = YES;
				CLANG_WARN_COMMA = YES;
				CLANG_WARN_CONSTANT_CONVERSION = YES;
				CLANG_WARN_DEPRECATED_OBJC_IMPLEMENTATIONS = YES;
				CLANG_WARN_DIRECT_OBJC_ISA_USAGE = YES_ERROR;
				CLANG_WARN_DOCUMENTATION_COMMENTS = YES;
				CLANG_WARN_EMPTY_BODY = YES;
				CLANG_WARN_ENUM_CONVERSION = YES;
				CLANG_WARN_INFINITE_RECURSION = YES;
				CLANG_WARN_INT_CONVERSION = YES;
				CLANG_WARN_NON_LITERAL_NULL_CONVERSION = YES;
				CLANG_WARN_OBJC_IMPLICIT_RETAIN_SELF = YES;
				CLANG_WARN_OBJC_LITERAL_CONVERSION = YES;
				CLANG_WARN_OBJC_ROOT_CLASS = YES_ERROR;
				CLANG_WARN_QUOTED_INCLUDE_IN_FRAMEWORK_HEADER = YES;
				CLANG_WARN_RANGE_LOOP_ANALYSIS = YES;
				CLANG_WARN_STRICT_PROTOTYPES = YES;
				CLANG_WARN_SUSPICIOUS_MOVE = YES;
				CLANG_WARN_UNGUARDED_AVAILABILITY = YES_AGGRESSIVE;
				CLANG_WARN_UNREACHABLE_CODE = YES;
				CLANG_WARN__DUPLICATE_METHOD_MATCH = YES;
				COPY_PHASE_STRIP = NO;
				DEBUG_INFORMATION_FORMAT = dwarf;
				ENABLE_STRICT_OBJC_MSGSEND = YES;
				ENABLE_TESTABILITY = YES;
				ENABLE_USER_SCRIPT_SANDBOXING = YES;
				GCC_C_LANGUAGE_STANDARD = gnu17;
				GCC_DYNAMIC_NO_PIC = NO;
				GCC_NO_COMMON_BLOCKS = YES;
				GCC_OPTIMIZATION_LEVEL = 0;
				GCC_PREPROCESSOR_DEFINITIONS = (
					"DEBUG=1",
					"$(inherited)",
				);
				GCC_WARN_64_TO_32_BIT_CONVERSION = YES;
				GCC_WARN_ABOUT_RETURN_TYPE = YES_ERROR;
				GCC_WARN_UNDECLARED_SELECTOR = YES;
				GCC_WARN_UNINITIALIZED_AUTOS = YES_AGGRESSIVE;
				GCC_WARN_UNUSED_FUNCTION = YES;
				GCC_WARN_UNUSED_VARIABLE = YES;
				IPHONEOS_DEPLOYMENT_TARGET = 17.0;
				LOCALIZATION_PREFERS_STRING_CATALOGS = YES;
				MTL_ENABLE_DEBUG_INFO = INCLUDE_SOURCE;
				MTL_FAST_MATH = YES;
				ONLY_ACTIVE_ARCH = YES;
				SDKROOT = iphoneos;
				SWIFT_ACTIVE_COMPILATION_CONDITIONS = "DEBUG $(inherited)";
				SWIFT_OPTIMIZATION_LEVEL = "-Onone";
			};
			name = Debug;
		};
		6EBCB6CE2ABB30F700C72BB5 /* Release */ = {
			isa = XCBuildConfiguration;
			buildSettings = {
				ALWAYS_SEARCH_USER_PATHS = NO;
				ASSETCATALOG_COMPILER_GENERATE_SWIFT_ASSET_SYMBOL_EXTENSIONS = YES;
				CLANG_ANALYZER_NONNULL = YES;
				CLANG_ANALYZER_NUMBER_OBJECT_CONVERSION = YES_AGGRESSIVE;
				CLANG_CXX_LANGUAGE_STANDARD = "gnu++20";
				CLANG_ENABLE_MODULES = YES;
				CLANG_ENABLE_OBJC_ARC = YES;
				CLANG_ENABLE_OBJC_WEAK = YES;
				CLANG_WARN_BLOCK_CAPTURE_AUTORELEASING = YES;
				CLANG_WARN_BOOL_CONVERSION = YES;
				CLANG_WARN_COMMA = YES;
				CLANG_WARN_CONSTANT_CONVERSION = YES;
				CLANG_WARN_DEPRECATED_OBJC_IMPLEMENTATIONS = YES;
				CLANG_WARN_DIRECT_OBJC_ISA_USAGE = YES_ERROR;
				CLANG_WARN_DOCUMENTATION_COMMENTS = YES;
				CLANG_WARN_EMPTY_BODY = YES;
				CLANG_WARN_ENUM_CONVERSION = YES;
				CLANG_WARN_INFINITE_RECURSION = YES;
				CLANG_WARN_INT_CONVERSION = YES;
				CLANG_WARN_NON_LITERAL_NULL_CONVERSION = YES;
				CLANG_WARN_OBJC_IMPLICIT_RETAIN_SELF = YES;
				CLANG_WARN_OBJC_LITERAL_CONVERSION = YES;
				CLANG_WARN_OBJC_ROOT_CLASS = YES_ERROR;
				CLANG_WARN_QUOTED_INCLUDE_IN_FRAMEWORK_HEADER = YES;
				CLANG_WARN_RANGE_LOOP_ANALYSIS = YES;
				CLANG_WARN_STRICT_PROTOTYPES = YES;
				CLANG_WARN_SUSPICIOUS_MOVE = YES;
				CLANG_WARN_UNGUARDED_AVAILABILITY = YES_AGGRESSIVE;
				CLANG_WARN_UNREACHABLE_CODE = YES;
				CLANG_WARN__DUPLICATE_METHOD_MATCH = YES;
				COPY_PHASE_STRIP = NO;
				DEBUG_INFORMATION_FORMAT = "dwarf-with-dsym";
				ENABLE_NS_ASSERTIONS = NO;
				ENABLE_STRICT_OBJC_MSGSEND = YES;
				ENABLE_USER_SCRIPT_SANDBOXING = YES;
				GCC_C_LANGUAGE_STANDARD = gnu17;
				GCC_NO_COMMON_BLOCKS = YES;
				GCC_WARN_64_TO_32_BIT_CONVERSION = YES;
				GCC_WARN_ABOUT_RETURN_TYPE = YES_ERROR;
				GCC_WARN_UNDECLARED_SELECTOR = YES;
				GCC_WARN_UNINITIALIZED_AUTOS = YES_AGGRESSIVE;
				GCC_WARN_UNUSED_FUNCTION = YES;
				GCC_WARN_UNUSED_VARIABLE = YES;
				IPHONEOS_DEPLOYMENT_TARGET = 17.0;
				LOCALIZATION_PREFERS_STRING_CATALOGS = YES;
				MTL_ENABLE_DEBUG_INFO = NO;
				MTL_FAST_MATH = YES;
				SDKROOT = iphoneos;
				SWIFT_COMPILATION_MODE = wholemodule;
				VALIDATE_PRODUCT = YES;
			};
			name = Release;
		};
		6EBCB6D02ABB30F700C72BB5 /* Debug */ = {
			isa = XCBuildConfiguration;
			buildSettings = {
				ASSETCATALOG_COMPILER_APPICON_NAME = AppIcon;
				ASSETCATALOG_COMPILER_GLOBAL_ACCENT_COLOR_NAME = AccentColor;
				CODE_SIGN_STYLE = Automatic;
				CURRENT_PROJECT_VERSION = 1;
				DEVELOPMENT_ASSET_PATHS = "\"SwiftUI-Weather/Preview Content\"";
				DEVELOPMENT_TEAM = SZ4N2ENSVJ;
				ENABLE_PREVIEWS = YES;
				GENERATE_INFOPLIST_FILE = YES;
				INFOPLIST_KEY_UIApplicationSceneManifest_Generation = YES;
				INFOPLIST_KEY_UIApplicationSupportsIndirectInputEvents = YES;
				INFOPLIST_KEY_UILaunchScreen_Generation = YES;
				INFOPLIST_KEY_UISupportedInterfaceOrientations_iPad = "UIInterfaceOrientationPortrait UIInterfaceOrientationPortraitUpsideDown UIInterfaceOrientationLandscapeLeft UIInterfaceOrientationLandscapeRight";
				INFOPLIST_KEY_UISupportedInterfaceOrientations_iPhone = "UIInterfaceOrientationPortrait UIInterfaceOrientationLandscapeLeft UIInterfaceOrientationLandscapeRight";
				LD_RUNPATH_SEARCH_PATHS = (
					"$(inherited)",
					"@executable_path/Frameworks",
				);
				MARKETING_VERSION = 1.0;
				PRODUCT_BUNDLE_IDENTIFIER = "io.storyrocket.SwiftUI-Weather";
				PRODUCT_NAME = "$(TARGET_NAME)";
				SWIFT_EMIT_LOC_STRINGS = YES;
				SWIFT_VERSION = 5.0;
				TARGETED_DEVICE_FAMILY = "1,2";
			};
			name = Debug;
		};
		6EBCB6D12ABB30F700C72BB5 /* Release */ = {
			isa = XCBuildConfiguration;
			buildSettings = {
				ASSETCATALOG_COMPILER_APPICON_NAME = AppIcon;
				ASSETCATALOG_COMPILER_GLOBAL_ACCENT_COLOR_NAME = AccentColor;
				CODE_SIGN_STYLE = Automatic;
				CURRENT_PROJECT_VERSION = 1;
				DEVELOPMENT_ASSET_PATHS = "\"SwiftUI-Weather/Preview Content\"";
				DEVELOPMENT_TEAM = SZ4N2ENSVJ;
				ENABLE_PREVIEWS = YES;
				GENERATE_INFOPLIST_FILE = YES;
				INFOPLIST_KEY_UIApplicationSceneManifest_Generation = YES;
				INFOPLIST_KEY_UIApplicationSupportsIndirectInputEvents = YES;
				INFOPLIST_KEY_UILaunchScreen_Generation = YES;
				INFOPLIST_KEY_UISupportedInterfaceOrientations_iPad = "UIInterfaceOrientationPortrait UIInterfaceOrientationPortraitUpsideDown UIInterfaceOrientationLandscapeLeft UIInterfaceOrientationLandscapeRight";
				INFOPLIST_KEY_UISupportedInterfaceOrientations_iPhone = "UIInterfaceOrientationPortrait UIInterfaceOrientationLandscapeLeft UIInterfaceOrientationLandscapeRight";
				LD_RUNPATH_SEARCH_PATHS = (
					"$(inherited)",
					"@executable_path/Frameworks",
				);
				MARKETING_VERSION = 1.0;
				PRODUCT_BUNDLE_IDENTIFIER = "io.storyrocket.SwiftUI-Weather";
				PRODUCT_NAME = "$(TARGET_NAME)";
				SWIFT_EMIT_LOC_STRINGS = YES;
				SWIFT_VERSION = 5.0;
				TARGETED_DEVICE_FAMILY = "1,2";
			};
			name = Release;
		};
/* End XCBuildConfiguration section */

/* Begin XCConfigurationList section */
		6EBCB6BC2ABB30F700C72BB5 /* Build configuration list for PBXProject "SwiftUI-Weather" */ = {
			isa = XCConfigurationList;
			buildConfigurations = (
				6EBCB6CD2ABB30F700C72BB5 /* Debug */,
				6EBCB6CE2ABB30F700C72BB5 /* Release */,
			);
			defaultConfigurationIsVisible = 0;
			defaultConfigurationName = Release;
		};
		6EBCB6CF2ABB30F700C72BB5 /* Build configuration list for PBXNativeTarget "SwiftUI-Weather" */ = {
			isa = XCConfigurationList;
			buildConfigurations = (
				6EBCB6D02ABB30F700C72BB5 /* Debug */,
				6EBCB6D12ABB30F700C72BB5 /* Release */,
			);
			defaultConfigurationIsVisible = 0;
			defaultConfigurationName = Release;
		};
/* End XCConfigurationList section */
	};
	rootObject = 6EBCB6B92ABB30F700C72BB5 /* Project object */;
}
